
Microsoft Visual Studio Solution File, Format Version 12.00
# Visual Studio Version 16
VisualStudioVersion = 16.0.29324.140
MinimumVisualStudioVersion = 10.0.40219.1
Project("{FAE04EC0-301F-11D3-BF4B-00C04F79EFBC}") = "phonebook", "phonebook\phonebook.csproj", "{7716E8A1-EF43-418E-B34F-70EBD64FDBA1}"
EndProject
Global
	GlobalSection(SolutionConfigurationPlatforms) = preSolution
		Debug|Any CPU = Debug|Any CPU
		Release|Any CPU = Release|Any CPU
	EndGlobalSection
	GlobalSection(ProjectConfigurationPlatforms) = postSolution
		{7716E8A1-EF43-418E-B34F-70EBD64FDBA1}.Debug|Any CPU.ActiveCfg = Debug|Any CPU
		{7716E8A1-EF43-418E-B34F-70EBD64FDBA1}.Debug|Any CPU.Build.0 = Debug|Any CPU
		{7716E8A1-EF43-418E-B34F-70EBD64FDBA1}.Release|Any CPU.ActiveCfg = Release|Any CPU
		{7716E8A1-EF43-418E-B34F-70EBD64FDBA1}.Release|Any CPU.Build.0 = Release|Any CPU
	EndGlobalSection
	GlobalSection(SolutionProperties) = preSolution
		HideSolutionNode = FALSE
	EndGlobalSection
	GlobalSection(ExtensibilityGlobals) = postSolution
		SolutionGuid = {08CEAA5A-541E-4B4E-A109-93D1BE2DBD67}
	EndGlobalSection
EndGlobal
